
Microsoft Visual Studio Solution File, Format Version 12.00
# Visual Studio Version 17
VisualStudioVersion = 17.8.34330.188
MinimumVisualStudioVersion = 10.0.40219.1
Project("{FAE04EC0-301F-11D3-BF4B-00C04F79EFBC}") = "Gaidukov_PSB_TestTask1", "Gaidukov_PSB_TestTask1\Gaidukov_PSB_TestTask1.csproj", "{7466F1FF-DD57-4D56-B125-6487BE51B903}"
EndProject
Global
	GlobalSection(SolutionConfigurationPlatforms) = preSolution
		Debug|Any CPU = Debug|Any CPU
		Release|Any CPU = Release|Any CPU
	EndGlobalSection
	GlobalSection(ProjectConfigurationPlatforms) = postSolution
		{7466F1FF-DD57-4D56-B125-6487BE51B903}.Debug|Any CPU.ActiveCfg = Debug|Any CPU
		{7466F1FF-DD57-4D56-B125-6487BE51B903}.Debug|Any CPU.Build.0 = Debug|Any CPU
		{7466F1FF-DD57-4D56-B125-6487BE51B903}.Release|Any CPU.ActiveCfg = Release|Any CPU
		{7466F1FF-DD57-4D56-B125-6487BE51B903}.Release|Any CPU.Build.0 = Release|Any CPU
	EndGlobalSection
	GlobalSection(SolutionProperties) = preSolution
		HideSolutionNode = FALSE
	EndGlobalSection
	GlobalSection(ExtensibilityGlobals) = postSolution
		SolutionGuid = {63D33DFE-5965-4EE0-A7DB-94A61B9BFFE1}
	EndGlobalSection
EndGlobal
